{
  "originHash" : "9efcb12b27018e203154e1cf7a3fedcb548dffd129c08e76f1d8406e5d383b8c",
  "pins" : [
    {
      "identity" : "swift-mmio",
      "kind" : "remoteSourceControl",
      "location" : "https://github.com/apple/swift-mmio.git",
      "state" : {
        "revision" : "e75a13854fe25ac75043c4fdb15d0dbdb55bc1d1",
        "version" : "0.0.2"
      }
    },
    {
      "identity" : "swift-syntax",
      "kind" : "remoteSourceControl",
      "location" : "https://github.com/apple/swift-syntax.git",
      "state" : {
        "revision" : "64889f0c732f210a935a0ad7cda38f77f876262d",
        "version" : "509.1.1"
      }
    }
  ],
  "version" : 3
}
